
Microsoft Visual Studio Solution File, Format Version 12.00
# Visual Studio Version 17
VisualStudioVersion = 17.9.34723.18
MinimumVisualStudioVersion = 10.0.40219.1
Project("{FAE04EC0-301F-11D3-BF4B-00C04F79EFBC}") = "eCommerce.SharedLibrary", "..\eCommerce.SharedLibrary\eCommerce.SharedLibrary.csproj", "{2852DABA-044E-4B0A-84F8-EB0D5361DB55}"
EndProject
Global
	GlobalSection(SolutionConfigurationPlatforms) = preSolution
		Debug|Any CPU = Debug|Any CPU
		Release|Any CPU = Release|Any CPU
	EndGlobalSection
	GlobalSection(ProjectConfigurationPlatforms) = postSolution
		{2852DABA-044E-4B0A-84F8-EB0D5361DB55}.Debug|Any CPU.ActiveCfg = Debug|Any CPU
		{2852DABA-044E-4B0A-84F8-EB0D5361DB55}.Debug|Any CPU.Build.0 = Debug|Any CPU
		{2852DABA-044E-4B0A-84F8-EB0D5361DB55}.Release|Any CPU.ActiveCfg = Release|Any CPU
		{2852DABA-044E-4B0A-84F8-EB0D5361DB55}.Release|Any CPU.Build.0 = Release|Any CPU
	EndGlobalSection
	GlobalSection(SolutionProperties) = preSolution
		HideSolutionNode = FALSE
	EndGlobalSection
	GlobalSection(ExtensibilityGlobals) = postSolution
		SolutionGuid = {D49FA9A9-18AD-4675-B373-7A2C91B69168}
	EndGlobalSection
EndGlobal
