
Microsoft Visual Studio Solution File, Format Version 12.00
# Visual Studio Version 17
VisualStudioVersion = 17.10.35122.118
MinimumVisualStudioVersion = 10.0.40219.1
Project("{9A19103F-16F7-4668-BE54-9A1E7A4F7556}") = "OneLearn.Application", "OneLearn.Application\OneLearn.Application.csproj", "{DC0F96E6-ABD3-490E-8D9B-A3C98A32FBC9}"
EndProject
Project("{9A19103F-16F7-4668-BE54-9A1E7A4F7556}") = "OneLearn.Infrastructure", "OneLearn.Infrastructure\OneLearn.Infrastructure.csproj", "{B325D5BF-2B83-4FB4-93DC-E7D0D77DFEDA}"
EndProject
Project("{9A19103F-16F7-4668-BE54-9A1E7A4F7556}") = "OneLearn.Domain", "OneLearn.Domain\OneLearn.Domain.csproj", "{7C7F4F23-18A3-4592-8173-3FDE23C91DC7}"
EndProject
Project("{9A19103F-16F7-4668-BE54-9A1E7A4F7556}") = "OneLearn.Api", "OneLearn.Api\OneLearn.Api.csproj", "{947D8108-813A-4166-83F4-90179F17CD36}"
EndProject
Global
	GlobalSection(SolutionConfigurationPlatforms) = preSolution
		Debug|Any CPU = Debug|Any CPU
		Release|Any CPU = Release|Any CPU
	EndGlobalSection
	GlobalSection(ProjectConfigurationPlatforms) = postSolution
		{DC0F96E6-ABD3-490E-8D9B-A3C98A32FBC9}.Debug|Any CPU.ActiveCfg = Debug|Any CPU
		{DC0F96E6-ABD3-490E-8D9B-A3C98A32FBC9}.Debug|Any CPU.Build.0 = Debug|Any CPU
		{DC0F96E6-ABD3-490E-8D9B-A3C98A32FBC9}.Release|Any CPU.ActiveCfg = Release|Any CPU
		{DC0F96E6-ABD3-490E-8D9B-A3C98A32FBC9}.Release|Any CPU.Build.0 = Release|Any CPU
		{B325D5BF-2B83-4FB4-93DC-E7D0D77DFEDA}.Debug|Any CPU.ActiveCfg = Debug|Any CPU
		{B325D5BF-2B83-4FB4-93DC-E7D0D77DFEDA}.Debug|Any CPU.Build.0 = Debug|Any CPU
		{B325D5BF-2B83-4FB4-93DC-E7D0D77DFEDA}.Release|Any CPU.ActiveCfg = Release|Any CPU
		{B325D5BF-2B83-4FB4-93DC-E7D0D77DFEDA}.Release|Any CPU.Build.0 = Release|Any CPU
		{7C7F4F23-18A3-4592-8173-3FDE23C91DC7}.Debug|Any CPU.ActiveCfg = Debug|Any CPU
		{7C7F4F23-18A3-4592-8173-3FDE23C91DC7}.Debug|Any CPU.Build.0 = Debug|Any CPU
		{7C7F4F23-18A3-4592-8173-3FDE23C91DC7}.Release|Any CPU.ActiveCfg = Release|Any CPU
		{7C7F4F23-18A3-4592-8173-3FDE23C91DC7}.Release|Any CPU.Build.0 = Release|Any CPU
		{947D8108-813A-4166-83F4-90179F17CD36}.Debug|Any CPU.ActiveCfg = Debug|Any CPU
		{947D8108-813A-4166-83F4-90179F17CD36}.Debug|Any CPU.Build.0 = Debug|Any CPU
		{947D8108-813A-4166-83F4-90179F17CD36}.Release|Any CPU.ActiveCfg = Release|Any CPU
		{947D8108-813A-4166-83F4-90179F17CD36}.Release|Any CPU.Build.0 = Release|Any CPU
	EndGlobalSection
	GlobalSection(SolutionProperties) = preSolution
		HideSolutionNode = FALSE
	EndGlobalSection
	GlobalSection(ExtensibilityGlobals) = postSolution
		SolutionGuid = {996EDA2C-EAA6-4029-B0CC-4CDA2B6F9A6E}
	EndGlobalSection
EndGlobal
